// !$*UTF8*$!
{
	archiveVersion = 1;
	classes = {
	};
	objectVersion = 77;
	objects = {

/* Begin PBXBuildFile section */
		022AB0E1B8111A5846B70CE6 /* FileTimelineWorkspaceView.swift in Sources */ = {isa = PBXBuildFile; fileRef = C3BA1C085366E6552DF87F38 /* FileTimelineWorkspaceView.swift */; };
		0624AAF1714152672C7C0AFC /* RepositoryInsightModels.swift in Sources */ = {isa = PBXBuildFile; fileRef = B03F6C818FEC868DFE082BC7 /* RepositoryInsightModels.swift */; };
		064DEE4B3C70FB3818B32E66 /* RepositorySidebar.swift in Sources */ = {isa = PBXBuildFile; fileRef = 77025BF377170681403BE545 /* RepositorySidebar.swift */; };
		06EFE17E8D3CF9791889183D /* Components.swift in Sources */ = {isa = PBXBuildFile; fileRef = F2909330F9596EFAFA02299C /* Components.swift */; };
		0717F79ECBAFA9AD4F898BC4 /* AppBrandIcon.swift in Sources */ = {isa = PBXBuildFile; fileRef = E819A181776FE90266ACFF9D /* AppBrandIcon.swift */; };
		0928DFE721CCBA6142A51383 /* MenuLocalizationTests.swift in Sources */ = {isa = PBXBuildFile; fileRef = 694F5B1A0AC7685BD11EB10D /* MenuLocalizationTests.swift */; };
		0AAD535AD7972C5CB0FCC1FF /* LocalRepositoryCatalog.swift in Sources */ = {isa = PBXBuildFile; fileRef = B7E8127FACB20606495989A0 /* LocalRepositoryCatalog.swift */; };
		1842D89E955A82F97DB045F4 /* GitHubLanguageStyleTests.swift in Sources */ = {isa = PBXBuildFile; fileRef = 3052E29C8B4766CBBF7578E5 /* GitHubLanguageStyleTests.swift */; };
		22D9ECC04B8483B27C93409A /* CodexWorkspaceView.swift in Sources */ = {isa = PBXBuildFile; fileRef = 38287E6370FD3144329DA3D8 /* CodexWorkspaceView.swift */; };
		26DEAB77B137F29C73B62C8A /* MenuLocalization.swift in Sources */ = {isa = PBXBuildFile; fileRef = BB40D5EF971016F605A31059 /* MenuLocalization.swift */; };
		2802742CE660CF0CA4A33CCC /* GitGatto-AppIcon-Dark.svg in Resources */ = {isa = PBXBuildFile; fileRef = 53FD91FF93BDC65F0C514CDC /* GitGatto-AppIcon-Dark.svg */; };
		2B7BC5F3C411EB759E151005 /* L10n.swift in Sources */ = {isa = PBXBuildFile; fileRef = E537EAD5F66751FF54201ECE /* L10n.swift */; };
		2B9BFE3CA81B2F8B52A32B78 /* OpenSourceLicense.md in Resources */ = {isa = PBXBuildFile; fileRef = 9D9761DE4749E165C5D38FAF /* OpenSourceLicense.md */; };
		2C9697A7813DDA25E3590F26 /* GitHubReleaseServiceTests.swift in Sources */ = {isa = PBXBuildFile; fileRef = B6EA29373B2BB404D23EC90F /* GitHubReleaseServiceTests.swift */; };
		2EC06570AB04F70FDFDC4311 /* CodexJSONLParserTests.swift in Sources */ = {isa = PBXBuildFile; fileRef = CCE53CFB6DEEA99F9DB3F000 /* CodexJSONLParserTests.swift */; };
		30413715B85B36FF206C2B34 /* AIProviderConfiguration.swift in Sources */ = {isa = PBXBuildFile; fileRef = 4C45674EE9A05191B1206BA5 /* AIProviderConfiguration.swift */; };
		30F75F295BA2311FDF33BAF3 /* GitHubLanguageVisual.swift in Sources */ = {isa = PBXBuildFile; fileRef = CC7833C42F4B838B5B8F6A33 /* GitHubLanguageVisual.swift */; };
		362132F62947134DBAFF5C96 /* GitCommandRunner.swift in Sources */ = {isa = PBXBuildFile; fileRef = B9C5BBF7DC3B438A2C76FCB0 /* GitCommandRunner.swift */; };
		36FAD3BFC41F69B58CE92BDB /* GitAgentProfile.swift in Sources */ = {isa = PBXBuildFile; fileRef = A5A6C84BD2C3977E98FBE4F6 /* GitAgentProfile.swift */; };
		375F0251A167BCF1963C7C14 /* GitHubActionsCenterView.swift in Sources */ = {isa = PBXBuildFile; fileRef = FCE7D36A3B7733EF380FCC79 /* GitHubActionsCenterView.swift */; };
		389A82A6CD3CF438EA301EE8 /* AppUpdateManagerTests.swift in Sources */ = {isa = PBXBuildFile; fileRef = 7FC65C9602EDC0C4226C01A4 /* AppUpdateManagerTests.swift */; };
		3A720DCEF8841F47B9CF8CD7 /* Sparkle in Frameworks */ = {isa = PBXBuildFile; productRef = 5F14A74B7A1D4DA5E1F834FC /* Sparkle */; };
		3D3ADD282E4499E1F75079A6 /* HTMLTextTranslationPlan.swift in Sources */ = {isa = PBXBuildFile; fileRef = 8B0FBDC36C31AE29D9395305 /* HTMLTextTranslationPlan.swift */; };
		414C1964DEDFF2E67A22A5AA /* AppPreferences.swift in Sources */ = {isa = PBXBuildFile; fileRef = B4D09C5B8F070A70C1A914BB /* AppPreferences.swift */; };
		4250ED87A2B1C33FBDB7EB04 /* CodexService.swift in Sources */ = {isa = PBXBuildFile; fileRef = EE00C157F088AA82ACBAFBBD /* CodexService.swift */; };
		482B01FF7D4E9BCE3E2EF0D1 /* GitGatto-Wordmark-Light.svg in Resources */ = {isa = PBXBuildFile; fileRef = 5B50531F0467ADAC4DDD677B /* GitGatto-Wordmark-Light.svg */; };
		4A2C1B75C10F0DB6203EE2CE /* GitHubReadmeScrollTests.swift in Sources */ = {isa = PBXBuildFile; fileRef = 372E6E5DA981FB5242C60F27 /* GitHubReadmeScrollTests.swift */; };
		4F1B5B9572E4C6480FACF801 /* AppNavigationModel.swift in Sources */ = {isa = PBXBuildFile; fileRef = A896D4762F2F2D74715E739D /* AppNavigationModel.swift */; };
		4F702C7330106E845C6D4AC7 /* HelpCenterView.swift in Sources */ = {isa = PBXBuildFile; fileRef = BEF785C10169BD2CBAA7F8B3 /* HelpCenterView.swift */; };
		56B38947919E209B444A31D2 /* LegalDocumentsView.swift in Sources */ = {isa = PBXBuildFile; fileRef = 78FF7BBC34336097B90B4D6B /* LegalDocumentsView.swift */; };
		57134C4FB37171ABC4CCA1DA /* GitModels.swift in Sources */ = {isa = PBXBuildFile; fileRef = E224280BBF138C29C3650272 /* GitModels.swift */; };
		5839893346E13680EC8D4DEB /* GitParsersTests.swift in Sources */ = {isa = PBXBuildFile; fileRef = CA3D850F531F9ED8D3124D4B /* GitParsersTests.swift */; };
		5FF280EB62E8240C979A63D9 /* StashWorkspaceView.swift in Sources */ = {isa = PBXBuildFile; fileRef = C02F87E0B394B3FE2150128D /* StashWorkspaceView.swift */; };
		616BABF979F1CAB5670A6743 /* ChangesWorkspaceView.swift in Sources */ = {isa = PBXBuildFile; fileRef = BFA09253A76EC790E8F7642A /* ChangesWorkspaceView.swift */; };
		62434AA78BDF531AA1CB3DCF /* RepositoryDiscoveryService.swift in Sources */ = {isa = PBXBuildFile; fileRef = 21974E05AB7668106EE25D39 /* RepositoryDiscoveryService.swift */; };
		663EFCC9C1CFD4155731BA20 /* GitGattoApp.swift in Sources */ = {isa = PBXBuildFile; fileRef = 4E1943D3404DCC600331A65B /* GitGattoApp.swift */; };
		66E17B146499DD19480AFC26 /* GitHubRepositoryLink.swift in Sources */ = {isa = PBXBuildFile; fileRef = 129B01B872D19AEF0D215C3E /* GitHubRepositoryLink.swift */; };
		67D990CB13335B7E2A96A0B9 /* CodeSurface.swift in Sources */ = {isa = PBXBuildFile; fileRef = D7E10969710029BAD9CAA9BD /* CodeSurface.swift */; };
		6AD522664574BD8B72251E2C /* DiffInspectorView.swift in Sources */ = {isa = PBXBuildFile; fileRef = C36425B7CE38FE0E469E2CE3 /* DiffInspectorView.swift */; };
		6BFA5B0FFA01F2C0C4D5128D /* GitHubReadmeView.swift in Sources */ = {isa = PBXBuildFile; fileRef = 78D8B04491F14B9B237B5FBF /* GitHubReadmeView.swift */; };
		7175069C20CC2059D1C4303D /* GitHubAPIParserTests.swift in Sources */ = {isa = PBXBuildFile; fileRef = 1189141191D0F65182423FB2 /* GitHubAPIParserTests.swift */; };
		760EA642D96E41471FD29AA7 /* InAppBrowserSheet.swift in Sources */ = {isa = PBXBuildFile; fileRef = A4BECAC1068A1853F738BF1C /* InAppBrowserSheet.swift */; };
		78F4A7FE9653D4AC3ED19E56 /* BrandAssetTests.swift in Sources */ = {isa = PBXBuildFile; fileRef = 5C6FD6467D3A736D023FEC9F /* BrandAssetTests.swift */; };
		79CBBBE66CECE5A27AF9B631 /* AppThemeTests.swift in Sources */ = {isa = PBXBuildFile; fileRef = 051E4BD4D843828AC076CE32 /* AppThemeTests.swift */; };
		7D811DB4E11EB80D1E48ECCE /* GitHubReadmeTranslationStore.swift in Sources */ = {isa = PBXBuildFile; fileRef = 46D7808D76C0C6B19F16E6C1 /* GitHubReadmeTranslationStore.swift */; };
		7DCF09D0CA6FADBA133F3831 /* RepositoryScannerView.swift in Sources */ = {isa = PBXBuildFile; fileRef = E5649B16EE1334024C7235B4 /* RepositoryScannerView.swift */; };
		8784F27A204C4534B5E3918D /* GitEnvironmentDiagnosticServiceTests.swift in Sources */ = {isa = PBXBuildFile; fileRef = 8E3F3687A03C557918DF5DD5 /* GitEnvironmentDiagnosticServiceTests.swift */; };
		87EA0F7CB8D1B5282AA5BE3F /* GlobalErrorHandlerTests.swift in Sources */ = {isa = PBXBuildFile; fileRef = 1D2F0FCECD21005DF1142BD2 /* GlobalErrorHandlerTests.swift */; };
		8839F32CB82B1236D56F2F1C /* DebugSnapshotCapture.swift in Sources */ = {isa = PBXBuildFile; fileRef = 4E654EE806AAFA76255C55C9 /* DebugSnapshotCapture.swift */; };
		8851C2D60DA868710C1AB5AA /* WorkspaceViewModel.swift in Sources */ = {isa = PBXBuildFile; fileRef = 4BA06EC24B8A70B5F1C08BF1 /* WorkspaceViewModel.swift */; };
		8BC16BAF6E9F68E9419D8E07 /* UpdateCenterView.swift in Sources */ = {isa = PBXBuildFile; fileRef = FA817353E2902590214BA2BE /* UpdateCenterView.swift */; };
		8EA71A5BC73551C3984F776C /* StableHash.swift in Sources */ = {isa = PBXBuildFile; fileRef = 5BF7622AD3C355B7CD01FF3E /* StableHash.swift */; };
		93191AF460F52BFF06A3BC90 /* AboutGitGattoView.swift in Sources */ = {isa = PBXBuildFile; fileRef = 224510A5BE11C3966EBFF49B /* AboutGitGattoView.swift */; };
		93AFFA952EF16117AADE8106 /* WorkspaceView.swift in Sources */ = {isa = PBXBuildFile; fileRef = D44D53D66773AD0FCE281A6F /* WorkspaceView.swift */; };
		94A2418EE5504BAA35BF7917 /* AppUpdateManager.swift in Sources */ = {isa = PBXBuildFile; fileRef = 0F60DC160127DD7A372187EB /* AppUpdateManager.swift */; };
		94C701D2161E1203EB3D1820 /* Localizable.strings in Resources */ = {isa = PBXBuildFile; fileRef = 09043001C94A967A3F2B05AF /* Localizable.strings */; };
		950458D03BC3D43C4E34A679 /* GitAgentProfileTests.swift in Sources */ = {isa = PBXBuildFile; fileRef = B8238324627EDCDDC91C40C5 /* GitAgentProfileTests.swift */; };
		97F2E7C700B09CCE32C05A14 /* GitGatto-Wordmark-Dark.svg in Resources */ = {isa = PBXBuildFile; fileRef = A5F7DE1A887B081233ED8187 /* GitGatto-Wordmark-Dark.svg */; };
		9D23EBCA039D00FBA8405F8C /* GitHubService.swift in Sources */ = {isa = PBXBuildFile; fileRef = 0D19CD54219F3C4974C39220 /* GitHubService.swift */; };
		9E4D697ABA1EAB7A935AE53B /* GitWorktreeService.swift in Sources */ = {isa = PBXBuildFile; fileRef = 5FCBAE9E0E60F75CA7C2BC65 /* GitWorktreeService.swift */; };
		9F6A5F862E6A7CB004A41260 /* CodexConversationStore.swift in Sources */ = {isa = PBXBuildFile; fileRef = 806A093B8FDD02458C342508 /* CodexConversationStore.swift */; };
		9F6D2F0AC9B4C3DC964D1ABE /* PrivacyPolicy.md in Resources */ = {isa = PBXBuildFile; fileRef = 188AE85095A64B69899D35B9 /* PrivacyPolicy.md */; };
		9FC788B6CDC4B351FF2665D2 /* LegalDocumentTests.swift in Sources */ = {isa = PBXBuildFile; fileRef = 13403BC1D5D87FD16E79D58B /* LegalDocumentTests.swift */; };
		A0BAB79ED38EEA484E97F088 /* GitGatto-AppIcon.svg in Resources */ = {isa = PBXBuildFile; fileRef = 2310DC60A3C4C7BD19B252F8 /* GitGatto-AppIcon.svg */; };
		ACA948DB407093BBDF7AE2BB /* GitRepositoryServiceTests.swift in Sources */ = {isa = PBXBuildFile; fileRef = 98B9BF0AABE19613D6E50F6F /* GitRepositoryServiceTests.swift */; };
		AE392F605A90D1C31A756363 /* GitWorktreeServiceTests.swift in Sources */ = {isa = PBXBuildFile; fileRef = 90FDA74DA5B092F11772BA42 /* GitWorktreeServiceTests.swift */; };
		AEC2EEBC7BFD4C28216BE994 /* AppPalette.swift in Sources */ = {isa = PBXBuildFile; fileRef = 21BBF602C96A612ED886B2D6 /* AppPalette.swift */; };
		B20BA27FA308CF0C968A6153 /* AppErrorReport.swift in Sources */ = {isa = PBXBuildFile; fileRef = 2C0F348D9E1E7C0DD8B18EEF /* AppErrorReport.swift */; };
		B3815369F1ABDE1DC8221A04 /* BranchesWorkspaceView.swift in Sources */ = {isa = PBXBuildFile; fileRef = 374F3114C5929DCAEEDAADA1 /* BranchesWorkspaceView.swift */; };
		BB28F450EFC9C5C60EB40392 /* ConflictResolutionWorkspaceView.swift in Sources */ = {isa = PBXBuildFile; fileRef = 73553D4584968CDA41575597 /* ConflictResolutionWorkspaceView.swift */; };
		BC19FA3E274AF955CBBFA732 /* Disclaimer.md in Resources */ = {isa = PBXBuildFile; fileRef = 5753446BC42F5E3673ECDE87 /* Disclaimer.md */; };
		C18733E3ADE1D500C7548DF7 /* GitGatto-AppIcon-Dark.png in Resources */ = {isa = PBXBuildFile; fileRef = C7CFF98927E2FAA7F2EF50A9 /* GitGatto-AppIcon-Dark.png */; };
		C53394B112AF3961A135DBCF /* RepositoryDiscoveryServiceTests.swift in Sources */ = {isa = PBXBuildFile; fileRef = BCC90B8A203C02679751AFF8 /* RepositoryDiscoveryServiceTests.swift */; };
		C5BDB87E3C4B2D5DDBBCDABE /* AppSettingsView.swift in Sources */ = {isa = PBXBuildFile; fileRef = F7B297B0D056D40DF7E14E81 /* AppSettingsView.swift */; };
		C7C3EA9AB358CEC6F8F7AC64 /* GitHubWorkspaceView.swift in Sources */ = {isa = PBXBuildFile; fileRef = 9182BDEF2994C48C40821377 /* GitHubWorkspaceView.swift */; };
		CAFE05587DEE7BB2720568A5 /* WorktreeWorkspaceView.swift in Sources */ = {isa = PBXBuildFile; fileRef = BED4F0A8765FED352B3FD598 /* WorktreeWorkspaceView.swift */; };
		CC672794EAB69986A71BF998 /* PersistenceStoreTests.swift in Sources */ = {isa = PBXBuildFile; fileRef = 82786E615DB7F5C875ABE410 /* PersistenceStoreTests.swift */; };
		CE53EA160420F67DE4258FB7 /* GitEnvironmentDiagnosticService.swift in Sources */ = {isa = PBXBuildFile; fileRef = A8D969554850E6B98F23D098 /* GitEnvironmentDiagnosticService.swift */; };
		CEA8A4047B03109177E28ABF /* GitFileHistoryService.swift in Sources */ = {isa = PBXBuildFile; fileRef = 0DCEEC83A1E92BA254239359 /* GitFileHistoryService.swift */; };
		D2627DD1AF85E9A1768D3278 /* GitHubPullRequestReviewView.swift in Sources */ = {isa = PBXBuildFile; fileRef = B424C5FE176CEC83AFDF747C /* GitHubPullRequestReviewView.swift */; };
		D65EDB1D24FB4904EA0698B7 /* GitGatto-AppIcon.png in Resources */ = {isa = PBXBuildFile; fileRef = C4523031C82D405AFF8DEEF3 /* GitGatto-AppIcon.png */; };
		D8C1AD12912B854B89702755 /* GitParsers.swift in Sources */ = {isa = PBXBuildFile; fileRef = D3FA30446EDDAF380C17C53E /* GitParsers.swift */; };
		DE566F91185F80EB2C73CAEF /* GitHubReadmeHTML.swift in Sources */ = {isa = PBXBuildFile; fileRef = 327B8AF3AD0437C6BD5932E9 /* GitHubReadmeHTML.swift */; };
		DFED9D1B471CF8F8552C75DA /* GitRepositoryService.swift in Sources */ = {isa = PBXBuildFile; fileRef = 49B4CA750027B3A466F92659 /* GitRepositoryService.swift */; };
		E225DF738059191409C04042 /* UserAgreement.md in Resources */ = {isa = PBXBuildFile; fileRef = 19C49EC380E92D01EB0EA0EE /* UserAgreement.md */; };
		E22F223136A7F5A16AC9A40C /* HistoryWorkspaceView.swift in Sources */ = {isa = PBXBuildFile; fileRef = ECA2653BCF345EECA3E79074 /* HistoryWorkspaceView.swift */; };
		E27F3E4B2FE216C6D2A9F258 /* RepositoryDiagnosticsView.swift in Sources */ = {isa = PBXBuildFile; fileRef = 03FAFC785742101330AD241A /* RepositoryDiagnosticsView.swift */; };
		E4F37B96C690C4F0C68C541F /* Assets.xcassets in Resources */ = {isa = PBXBuildFile; fileRef = CD21DE9AA0B8783D5C105D3A /* Assets.xcassets */; };
		E50C5F6ED3AEF91EB0FC87A3 /* GitFileHistoryServiceTests.swift in Sources */ = {isa = PBXBuildFile; fileRef = 3DA956B7150EC0AE8947E96A /* GitFileHistoryServiceTests.swift */; };
		E7032BC88B917F42BE45953A /* GlobalErrorSheet.swift in Sources */ = {isa = PBXBuildFile; fileRef = 3C712C177F1BCAB280A543C5 /* GlobalErrorSheet.swift */; };
		E9153E0D4E4C95403B442C64 /* GitHubReleaseService.swift in Sources */ = {isa = PBXBuildFile; fileRef = 09DFFE66F91DB4047D2D4660 /* GitHubReleaseService.swift */; };
		EC667F4120D4F1231DA39614 /* ReleaseNotes.md in Resources */ = {isa = PBXBuildFile; fileRef = A4D3A0D2E31483150372F869 /* ReleaseNotes.md */; };
		EDB491BE9563D2284039ACFB /* UpdateActionButton.swift in Sources */ = {isa = PBXBuildFile; fileRef = 1891D83FE899D5B4A7995A94 /* UpdateActionButton.swift */; };
		EECD8C4081C2B7F0EDB61C32 /* LocalRepositoryCatalogTests.swift in Sources */ = {isa = PBXBuildFile; fileRef = A758C7A17912288C6B463DCC /* LocalRepositoryCatalogTests.swift */; };
		F1B61D4D958AB6A9AC606CA1 /* ReleaseHistoryView.swift in Sources */ = {isa = PBXBuildFile; fileRef = F56654C1C1C14A54E9676F80 /* ReleaseHistoryView.swift */; };
		F3A56D17CCA26AB5ECC9A40D /* AppResourceBundle.swift in Sources */ = {isa = PBXBuildFile; fileRef = 76C7FFB910C2E89457BC7112 /* AppResourceBundle.swift */; };
/* End PBXBuildFile section */

/* Begin PBXContainerItemProxy section */
		65E4C889A9F9C53D6DD4FA64 /* PBXContainerItemProxy */ = {
			isa = PBXContainerItemProxy;
			containerPortal = 0E8985AC56BA7B845BECA7BC /* Project object */;
			proxyType = 1;
			remoteGlobalIDString = 626635E2C9EE974F3C4444D3;
			remoteInfo = GitGatto;
		};
/* End PBXContainerItemProxy section */

/* Begin PBXFileReference section */
		02720750D2A66508BAB13FA7 /* en */ = {isa = PBXFileReference; lastKnownFileType = text.plist.strings; name = en; path = en.lproj/Localizable.strings; sourceTree = "<group>"; };
		03FAFC785742101330AD241A /* RepositoryDiagnosticsView.swift */ = {isa = PBXFileReference; lastKnownFileType = sourcecode.swift; path = RepositoryDiagnosticsView.swift; sourceTree = "<group>"; };
		051E4BD4D843828AC076CE32 /* AppThemeTests.swift */ = {isa = PBXFileReference; lastKnownFileType = sourcecode.swift; path = AppThemeTests.swift; sourceTree = "<group>"; };
		09DFFE66F91DB4047D2D4660 /* GitHubReleaseService.swift */ = {isa = PBXFileReference; lastKnownFileType = sourcecode.swift; path = GitHubReleaseService.swift; sourceTree = "<group>"; };
		0A13491B912104C788E9B09C /* GitGatto-AppIcon.svg */ = {isa = PBXFileReference; path = "GitGatto-AppIcon.svg"; sourceTree = "<group>"; };
		0AB32E37F4984DE202FB439C /* zh-Hans */ = {isa = PBXFileReference; lastKnownFileType = text.plist.strings; name = "zh-Hans"; path = "zh-Hans.lproj/Localizable.strings"; sourceTree = "<group>"; };
		0D19CD54219F3C4974C39220 /* GitHubService.swift */ = {isa = PBXFileReference; lastKnownFileType = sourcecode.swift; path = GitHubService.swift; sourceTree = "<group>"; };
		0DCEEC83A1E92BA254239359 /* GitFileHistoryService.swift */ = {isa = PBXFileReference; lastKnownFileType = sourcecode.swift; path = GitFileHistoryService.swift; sourceTree = "<group>"; };
		0F60DC160127DD7A372187EB /* AppUpdateManager.swift */ = {isa = PBXFileReference; lastKnownFileType = sourcecode.swift; path = AppUpdateManager.swift; sourceTree = "<group>"; };
		1186E7884A32E3992581D0E7 /* DOCUMENTATION.md */ = {isa = PBXFileReference; lastKnownFileType = net.daringfireball.markdown; path = DOCUMENTATION.md; sourceTree = "<group>"; };
		1189141191D0F65182423FB2 /* GitHubAPIParserTests.swift */ = {isa = PBXFileReference; lastKnownFileType = sourcecode.swift; path = GitHubAPIParserTests.swift; sourceTree = "<group>"; };
		129B01B872D19AEF0D215C3E /* GitHubRepositoryLink.swift */ = {isa = PBXFileReference; lastKnownFileType = sourcecode.swift; path = GitHubRepositoryLink.swift; sourceTree = "<group>"; };
		13403BC1D5D87FD16E79D58B /* LegalDocumentTests.swift */ = {isa = PBXFileReference; lastKnownFileType = sourcecode.swift; path = LegalDocumentTests.swift; sourceTree = "<group>"; };
		1891D83FE899D5B4A7995A94 /* UpdateActionButton.swift */ = {isa = PBXFileReference; lastKnownFileType = sourcecode.swift; path = UpdateActionButton.swift; sourceTree = "<group>"; };
		1D2F0FCECD21005DF1142BD2 /* GlobalErrorHandlerTests.swift */ = {isa = PBXFileReference; lastKnownFileType = sourcecode.swift; path = GlobalErrorHandlerTests.swift; sourceTree = "<group>"; };
		21974E05AB7668106EE25D39 /* RepositoryDiscoveryService.swift */ = {isa = PBXFileReference; lastKnownFileType = sourcecode.swift; path = RepositoryDiscoveryService.swift; sourceTree = "<group>"; };
		21BBF602C96A612ED886B2D6 /* AppPalette.swift */ = {isa = PBXFileReference; lastKnownFileType = sourcecode.swift; path = AppPalette.swift; sourceTree = "<group>"; };
		22094C898C16BE6908B72B29 /* en */ = {isa = PBXFileReference; lastKnownFileType = net.daringfireball.markdown; name = en; path = en.lproj/PrivacyPolicy.md; sourceTree = "<group>"; };
		224510A5BE11C3966EBFF49B /* AboutGitGattoView.swift */ = {isa = PBXFileReference; lastKnownFileType = sourcecode.swift; path = AboutGitGattoView.swift; sourceTree = "<group>"; };
		2310DC60A3C4C7BD19B252F8 /* GitGatto-AppIcon.svg */ = {isa = PBXFileReference; path = "GitGatto-AppIcon.svg"; sourceTree = "<group>"; };
		23113D8AEF097B239EB81351 /* create-dmg.sh */ = {isa = PBXFileReference; lastKnownFileType = text.script.sh; path = "create-dmg.sh"; sourceTree = "<group>"; };
		2804A3EA9F9A5FAAB28536D5 /* inventory-icons.py */ = {isa = PBXFileReference; lastKnownFileType = text.script.python; path = "inventory-icons.py"; sourceTree = "<group>"; };
		2A5DED5E22AAD5F3FFDB440D /* install-generated-icons.py */ = {isa = PBXFileReference; lastKnownFileType = text.script.python; path = "install-generated-icons.py"; sourceTree = "<group>"; };
		2C0F348D9E1E7C0DD8B18EEF /* AppErrorReport.swift */ = {isa = PBXFileReference; lastKnownFileType = sourcecode.swift; path = AppErrorReport.swift; sourceTree = "<group>"; };
		3052E29C8B4766CBBF7578E5 /* GitHubLanguageStyleTests.swift */ = {isa = PBXFileReference; lastKnownFileType = sourcecode.swift; path = GitHubLanguageStyleTests.swift; sourceTree = "<group>"; };
		327B8AF3AD0437C6BD5932E9 /* GitHubReadmeHTML.swift */ = {isa = PBXFileReference; lastKnownFileType = sourcecode.swift; path = GitHubReadmeHTML.swift; sourceTree = "<group>"; };
		344D729132EA14431F866199 /* CHANGELOG.md */ = {isa = PBXFileReference; lastKnownFileType = net.daringfireball.markdown; path = CHANGELOG.md; sourceTree = "<group>"; };
		372E6E5DA981FB5242C60F27 /* GitHubReadmeScrollTests.swift */ = {isa = PBXFileReference; lastKnownFileType = sourcecode.swift; path = GitHubReadmeScrollTests.swift; sourceTree = "<group>"; };
		374F3114C5929DCAEEDAADA1 /* BranchesWorkspaceView.swift */ = {isa = PBXFileReference; lastKnownFileType = sourcecode.swift; path = BranchesWorkspaceView.swift; sourceTree = "<group>"; };
		38287E6370FD3144329DA3D8 /* CodexWorkspaceView.swift */ = {isa = PBXFileReference; lastKnownFileType = sourcecode.swift; path = CodexWorkspaceView.swift; sourceTree = "<group>"; };
		3C712C177F1BCAB280A543C5 /* GlobalErrorSheet.swift */ = {isa = PBXFileReference; lastKnownFileType = sourcecode.swift; path = GlobalErrorSheet.swift; sourceTree = "<group>"; };
		3C8F844FE50205FA7FC31C4E /* generate-xcodeproj.sh */ = {isa = PBXFileReference; lastKnownFileType = text.script.sh; path = "generate-xcodeproj.sh"; sourceTree = "<group>"; };
		3DA956B7150EC0AE8947E96A /* GitFileHistoryServiceTests.swift */ = {isa = PBXFileReference; lastKnownFileType = sourcecode.swift; path = GitFileHistoryServiceTests.swift; sourceTree = "<group>"; };
		46D7808D76C0C6B19F16E6C1 /* GitHubReadmeTranslationStore.swift */ = {isa = PBXFileReference; lastKnownFileType = sourcecode.swift; path = GitHubReadmeTranslationStore.swift; sourceTree = "<group>"; };
		49B4CA750027B3A466F92659 /* GitRepositoryService.swift */ = {isa = PBXFileReference; lastKnownFileType = sourcecode.swift; path = GitRepositoryService.swift; sourceTree = "<group>"; };
		4A4EEFDF749A5CF939B74BEC /* package-macos.sh */ = {isa = PBXFileReference; lastKnownFileType = text.script.sh; path = "package-macos.sh"; sourceTree = "<group>"; };
		4BA06EC24B8A70B5F1C08BF1 /* WorkspaceViewModel.swift */ = {isa = PBXFileReference; lastKnownFileType = sourcecode.swift; path = WorkspaceViewModel.swift; sourceTree = "<group>"; };
		4C45674EE9A05191B1206BA5 /* AIProviderConfiguration.swift */ = {isa = PBXFileReference; lastKnownFileType = sourcecode.swift; path = AIProviderConfiguration.swift; sourceTree = "<group>"; };
		4E1943D3404DCC600331A65B /* GitGattoApp.swift */ = {isa = PBXFileReference; lastKnownFileType = sourcecode.swift; path = GitGattoApp.swift; sourceTree = "<group>"; };
		4E654EE806AAFA76255C55C9 /* DebugSnapshotCapture.swift */ = {isa = PBXFileReference; lastKnownFileType = sourcecode.swift; path = DebugSnapshotCapture.swift; sourceTree = "<group>"; };
		53FD91FF93BDC65F0C514CDC /* GitGatto-AppIcon-Dark.svg */ = {isa = PBXFileReference; path = "GitGatto-AppIcon-Dark.svg"; sourceTree = "<group>"; };
		5703D7E19D7C43BBA677DD09 /* GitGatto-AppIcon.png */ = {isa = PBXFileReference; lastKnownFileType = image.png; path = "GitGatto-AppIcon.png"; sourceTree = "<group>"; };
		5800802C9088BAFD6D5B5E3F /* Package.swift */ = {isa = PBXFileReference; lastKnownFileType = sourcecode.swift; path = Package.swift; sourceTree = "<group>"; };
		5B50531F0467ADAC4DDD677B /* GitGatto-Wordmark-Light.svg */ = {isa = PBXFileReference; path = "GitGatto-Wordmark-Light.svg"; sourceTree = "<group>"; };
		5BDF892609BDD43B53D5F31B /* THIRD_PARTY_NOTICES.md */ = {isa = PBXFileReference; lastKnownFileType = net.daringfireball.markdown; path = THIRD_PARTY_NOTICES.md; sourceTree = "<group>"; };
		5BF7622AD3C355B7CD01FF3E /* StableHash.swift */ = {isa = PBXFileReference; lastKnownFileType = sourcecode.swift; path = StableHash.swift; sourceTree = "<group>"; };
		5C6FD6467D3A736D023FEC9F /* BrandAssetTests.swift */ = {isa = PBXFileReference; lastKnownFileType = sourcecode.swift; path = BrandAssetTests.swift; sourceTree = "<group>"; };
		5DE1FDDBDA8C40E3B92E81DF /* README.md */ = {isa = PBXFileReference; lastKnownFileType = net.daringfireball.markdown; path = README.md; sourceTree = "<group>"; };
		5FCBAE9E0E60F75CA7C2BC65 /* GitWorktreeService.swift */ = {isa = PBXFileReference; lastKnownFileType = sourcecode.swift; path = GitWorktreeService.swift; sourceTree = "<group>"; };
		64DD4040FDD008DA464CB7B9 /* GitGattoTests.xctest */ = {isa = PBXFileReference; explicitFileType = wrapper.cfbundle; includeInIndex = 0; path = GitGattoTests.xctest; sourceTree = BUILT_PRODUCTS_DIR; };
		694F5B1A0AC7685BD11EB10D /* MenuLocalizationTests.swift */ = {isa = PBXFileReference; lastKnownFileType = sourcecode.swift; path = MenuLocalizationTests.swift; sourceTree = "<group>"; };
		6DB5B7BAD151E87F8F360DAF /* en */ = {isa = PBXFileReference; lastKnownFileType = net.daringfireball.markdown; name = en; path = en.lproj/UserAgreement.md; sourceTree = "<group>"; };
		72AAC9D0E760BC7CD33015F5 /* en */ = {isa = PBXFileReference; lastKnownFileType = net.daringfireball.markdown; name = en; path = en.lproj/ReleaseNotes.md; sourceTree = "<group>"; };
		73553D4584968CDA41575597 /* ConflictResolutionWorkspaceView.swift */ = {isa = PBXFileReference; lastKnownFileType = sourcecode.swift; path = ConflictResolutionWorkspaceView.swift; sourceTree = "<group>"; };
		76C7FFB910C2E89457BC7112 /* AppResourceBundle.swift */ = {isa = PBXFileReference; lastKnownFileType = sourcecode.swift; path = AppResourceBundle.swift; sourceTree = "<group>"; };
		77025BF377170681403BE545 /* RepositorySidebar.swift */ = {isa = PBXFileReference; lastKnownFileType = sourcecode.swift; path = RepositorySidebar.swift; sourceTree = "<group>"; };
		78D8B04491F14B9B237B5FBF /* GitHubReadmeView.swift */ = {isa = PBXFileReference; lastKnownFileType = sourcecode.swift; path = GitHubReadmeView.swift; sourceTree = "<group>"; };
		78FF7BBC34336097B90B4D6B /* LegalDocumentsView.swift */ = {isa = PBXFileReference; lastKnownFileType = sourcecode.swift; path = LegalDocumentsView.swift; sourceTree = "<group>"; };
		7E8C0491156392CA5A63504E /* notarize-macos.sh */ = {isa = PBXFileReference; lastKnownFileType = text.script.sh; path = "notarize-macos.sh"; sourceTree = "<group>"; };
		7FC65C9602EDC0C4226C01A4 /* AppUpdateManagerTests.swift */ = {isa = PBXFileReference; lastKnownFileType = sourcecode.swift; path = AppUpdateManagerTests.swift; sourceTree = "<group>"; };
		806A093B8FDD02458C342508 /* CodexConversationStore.swift */ = {isa = PBXFileReference; lastKnownFileType = sourcecode.swift; path = CodexConversationStore.swift; sourceTree = "<group>"; };
		82786E615DB7F5C875ABE410 /* PersistenceStoreTests.swift */ = {isa = PBXFileReference; lastKnownFileType = sourcecode.swift; path = PersistenceStoreTests.swift; sourceTree = "<group>"; };
		858B8C95B56ADEB774425082 /* zh-Hans */ = {isa = PBXFileReference; lastKnownFileType = net.daringfireball.markdown; name = "zh-Hans"; path = "zh-Hans.lproj/PrivacyPolicy.md"; sourceTree = "<group>"; };
		88DF607A7183569EEFE1D259 /* en */ = {isa = PBXFileReference; lastKnownFileType = net.daringfireball.markdown; name = en; path = en.lproj/OpenSourceLicense.md; sourceTree = "<group>"; };
		8B0FBDC36C31AE29D9395305 /* HTMLTextTranslationPlan.swift */ = {isa = PBXFileReference; lastKnownFileType = sourcecode.swift; path = HTMLTextTranslationPlan.swift; sourceTree = "<group>"; };
		8BBEA4607ECBE3DB6817FB48 /* en */ = {isa = PBXFileReference; lastKnownFileType = net.daringfireball.markdown; name = en; path = en.lproj/Disclaimer.md; sourceTree = "<group>"; };
		8CCF4F4D334F486BCD7BD47A /* zh-Hans */ = {isa = PBXFileReference; lastKnownFileType = net.daringfireball.markdown; name = "zh-Hans"; path = "zh-Hans.lproj/Disclaimer.md"; sourceTree = "<group>"; };
		8E3F3687A03C557918DF5DD5 /* GitEnvironmentDiagnosticServiceTests.swift */ = {isa = PBXFileReference; lastKnownFileType = sourcecode.swift; path = GitEnvironmentDiagnosticServiceTests.swift; sourceTree = "<group>"; };
		90FDA74DA5B092F11772BA42 /* GitWorktreeServiceTests.swift */ = {isa = PBXFileReference; lastKnownFileType = sourcecode.swift; path = GitWorktreeServiceTests.swift; sourceTree = "<group>"; };
		9182BDEF2994C48C40821377 /* GitHubWorkspaceView.swift */ = {isa = PBXFileReference; lastKnownFileType = sourcecode.swift; path = GitHubWorkspaceView.swift; sourceTree = "<group>"; };
		972C7A61A04B1FBF6A1CCC98 /* CONTRIBUTING.md */ = {isa = PBXFileReference; lastKnownFileType = net.daringfireball.markdown; path = CONTRIBUTING.md; sourceTree = "<group>"; };
		97B885DB29D67505A9668E65 /* GitGatto.app */ = {isa = PBXFileReference; explicitFileType = wrapper.application; includeInIndex = 0; path = GitGatto.app; sourceTree = BUILT_PRODUCTS_DIR; };
		98B9196939EE2DF81061BACA /* GitGatto-AppIcon-Dark.png */ = {isa = PBXFileReference; lastKnownFileType = image.png; path = "GitGatto-AppIcon-Dark.png"; sourceTree = "<group>"; };
		98B9BF0AABE19613D6E50F6F /* GitRepositoryServiceTests.swift */ = {isa = PBXFileReference; lastKnownFileType = sourcecode.swift; path = GitRepositoryServiceTests.swift; sourceTree = "<group>"; };
		9E73CCAA7261775BE622CBB4 /* GitGatto-Info.plist */ = {isa = PBXFileReference; lastKnownFileType = text.plist; path = "GitGatto-Info.plist"; sourceTree = "<group>"; };
		A1A0FAEE07A4937435C3F059 /* LICENSE */ = {isa = PBXFileReference; path = LICENSE; sourceTree = "<group>"; };
		A4BECAC1068A1853F738BF1C /* InAppBrowserSheet.swift */ = {isa = PBXFileReference; lastKnownFileType = sourcecode.swift; path = InAppBrowserSheet.swift; sourceTree = "<group>"; };
		A5A6C84BD2C3977E98FBE4F6 /* GitAgentProfile.swift */ = {isa = PBXFileReference; lastKnownFileType = sourcecode.swift; path = GitAgentProfile.swift; sourceTree = "<group>"; };
		A5B44B43FCB61594B0A463FF /* IMAGE2_ASSET_PLAN.md */ = {isa = PBXFileReference; lastKnownFileType = net.daringfireball.markdown; path = IMAGE2_ASSET_PLAN.md; sourceTree = "<group>"; };
		A5F7DE1A887B081233ED8187 /* GitGatto-Wordmark-Dark.svg */ = {isa = PBXFileReference; path = "GitGatto-Wordmark-Dark.svg"; sourceTree = "<group>"; };
		A758C7A17912288C6B463DCC /* LocalRepositoryCatalogTests.swift */ = {isa = PBXFileReference; lastKnownFileType = sourcecode.swift; path = LocalRepositoryCatalogTests.swift; sourceTree = "<group>"; };
		A896D4762F2F2D74715E739D /* AppNavigationModel.swift */ = {isa = PBXFileReference; lastKnownFileType = sourcecode.swift; path = AppNavigationModel.swift; sourceTree = "<group>"; };
		A8D969554850E6B98F23D098 /* GitEnvironmentDiagnosticService.swift */ = {isa = PBXFileReference; lastKnownFileType = sourcecode.swift; path = GitEnvironmentDiagnosticService.swift; sourceTree = "<group>"; };
		B03F6C818FEC868DFE082BC7 /* RepositoryInsightModels.swift */ = {isa = PBXFileReference; lastKnownFileType = sourcecode.swift; path = RepositoryInsightModels.swift; sourceTree = "<group>"; };
		B3DFD0CA9833E8FA906401BA /* ARCHITECTURE.md */ = {isa = PBXFileReference; lastKnownFileType = net.daringfireball.markdown; path = ARCHITECTURE.md; sourceTree = "<group>"; };
		B424C5FE176CEC83AFDF747C /* GitHubPullRequestReviewView.swift */ = {isa = PBXFileReference; lastKnownFileType = sourcecode.swift; path = GitHubPullRequestReviewView.swift; sourceTree = "<group>"; };
		B4D09C5B8F070A70C1A914BB /* AppPreferences.swift */ = {isa = PBXFileReference; lastKnownFileType = sourcecode.swift; path = AppPreferences.swift; sourceTree = "<group>"; };
		B6EA29373B2BB404D23EC90F /* GitHubReleaseServiceTests.swift */ = {isa = PBXFileReference; lastKnownFileType = sourcecode.swift; path = GitHubReleaseServiceTests.swift; sourceTree = "<group>"; };
		B7E8127FACB20606495989A0 /* LocalRepositoryCatalog.swift */ = {isa = PBXFileReference; lastKnownFileType = sourcecode.swift; path = LocalRepositoryCatalog.swift; sourceTree = "<group>"; };
		B8238324627EDCDDC91C40C5 /* GitAgentProfileTests.swift */ = {isa = PBXFileReference; lastKnownFileType = sourcecode.swift; path = GitAgentProfileTests.swift; sourceTree = "<group>"; };
		B9C5BBF7DC3B438A2C76FCB0 /* GitCommandRunner.swift */ = {isa = PBXFileReference; lastKnownFileType = sourcecode.swift; path = GitCommandRunner.swift; sourceTree = "<group>"; };
		BB40D5EF971016F605A31059 /* MenuLocalization.swift */ = {isa = PBXFileReference; lastKnownFileType = sourcecode.swift; path = MenuLocalization.swift; sourceTree = "<group>"; };
		BCC90B8A203C02679751AFF8 /* RepositoryDiscoveryServiceTests.swift */ = {isa = PBXFileReference; lastKnownFileType = sourcecode.swift; path = RepositoryDiscoveryServiceTests.swift; sourceTree = "<group>"; };
		BD2E18C0F04B6FA49AA05A54 /* PRODUCT.md */ = {isa = PBXFileReference; lastKnownFileType = net.daringfireball.markdown; path = PRODUCT.md; sourceTree = "<group>"; };
		BED4F0A8765FED352B3FD598 /* WorktreeWorkspaceView.swift */ = {isa = PBXFileReference; lastKnownFileType = sourcecode.swift; path = WorktreeWorkspaceView.swift; sourceTree = "<group>"; };
		BEF785C10169BD2CBAA7F8B3 /* HelpCenterView.swift */ = {isa = PBXFileReference; lastKnownFileType = sourcecode.swift; path = HelpCenterView.swift; sourceTree = "<group>"; };
		BFA09253A76EC790E8F7642A /* ChangesWorkspaceView.swift */ = {isa = PBXFileReference; lastKnownFileType = sourcecode.swift; path = ChangesWorkspaceView.swift; sourceTree = "<group>"; };
		C02F87E0B394B3FE2150128D /* StashWorkspaceView.swift */ = {isa = PBXFileReference; lastKnownFileType = sourcecode.swift; path = StashWorkspaceView.swift; sourceTree = "<group>"; };
		C148E4000413C6A68AD61967 /* GitGatto-AppIcon-Dark.svg */ = {isa = PBXFileReference; path = "GitGatto-AppIcon-Dark.svg"; sourceTree = "<group>"; };
		C36425B7CE38FE0E469E2CE3 /* DiffInspectorView.swift */ = {isa = PBXFileReference; lastKnownFileType = sourcecode.swift; path = DiffInspectorView.swift; sourceTree = "<group>"; };
		C3BA1C085366E6552DF87F38 /* FileTimelineWorkspaceView.swift */ = {isa = PBXFileReference; lastKnownFileType = sourcecode.swift; path = FileTimelineWorkspaceView.swift; sourceTree = "<group>"; };
		C4523031C82D405AFF8DEEF3 /* GitGatto-AppIcon.png */ = {isa = PBXFileReference; lastKnownFileType = image.png; path = "GitGatto-AppIcon.png"; sourceTree = "<group>"; };
		C736048806507E0AB3ED39DD /* RELEASING.md */ = {isa = PBXFileReference; lastKnownFileType = net.daringfireball.markdown; path = RELEASING.md; sourceTree = "<group>"; };
		C7631443A6D6230798A83B33 /* SECURITY.md */ = {isa = PBXFileReference; lastKnownFileType = net.daringfireball.markdown; path = SECURITY.md; sourceTree = "<group>"; };
		C7CFF98927E2FAA7F2EF50A9 /* GitGatto-AppIcon-Dark.png */ = {isa = PBXFileReference; lastKnownFileType = image.png; path = "GitGatto-AppIcon-Dark.png"; sourceTree = "<group>"; };
		CA3D850F531F9ED8D3124D4B /* GitParsersTests.swift */ = {isa = PBXFileReference; lastKnownFileType = sourcecode.swift; path = GitParsersTests.swift; sourceTree = "<group>"; };
		CA4B9E181482669D9653F0DD /* zh-Hans */ = {isa = PBXFileReference; lastKnownFileType = net.daringfireball.markdown; name = "zh-Hans"; path = "zh-Hans.lproj/OpenSourceLicense.md"; sourceTree = "<group>"; };
		CBBD61ED5EC15E1B09CC2938 /* zh-Hans */ = {isa = PBXFileReference; lastKnownFileType = net.daringfireball.markdown; name = "zh-Hans"; path = "zh-Hans.lproj/ReleaseNotes.md"; sourceTree = "<group>"; };
		CC7833C42F4B838B5B8F6A33 /* GitHubLanguageVisual.swift */ = {isa = PBXFileReference; lastKnownFileType = sourcecode.swift; path = GitHubLanguageVisual.swift; sourceTree = "<group>"; };
		CCE53CFB6DEEA99F9DB3F000 /* CodexJSONLParserTests.swift */ = {isa = PBXFileReference; lastKnownFileType = sourcecode.swift; path = CodexJSONLParserTests.swift; sourceTree = "<group>"; };
		CD21DE9AA0B8783D5C105D3A /* Assets.xcassets */ = {isa = PBXFileReference; lastKnownFileType = folder.assetcatalog; path = Assets.xcassets; sourceTree = "<group>"; };
		D3FA30446EDDAF380C17C53E /* GitParsers.swift */ = {isa = PBXFileReference; lastKnownFileType = sourcecode.swift; path = GitParsers.swift; sourceTree = "<group>"; };
		D44D53D66773AD0FCE281A6F /* WorkspaceView.swift */ = {isa = PBXFileReference; lastKnownFileType = sourcecode.swift; path = WorkspaceView.swift; sourceTree = "<group>"; };
		D7E10969710029BAD9CAA9BD /* CodeSurface.swift */ = {isa = PBXFileReference; lastKnownFileType = sourcecode.swift; path = CodeSurface.swift; sourceTree = "<group>"; };
		D94383123073E3883BD1A222 /* Package.resolved */ = {isa = PBXFileReference; path = Package.resolved; sourceTree = "<group>"; };
		DE9E2C7A4342CB8EB928CE8D /* workspace.png */ = {isa = PBXFileReference; lastKnownFileType = image.png; path = workspace.png; sourceTree = "<group>"; };
		E224280BBF138C29C3650272 /* GitModels.swift */ = {isa = PBXFileReference; lastKnownFileType = sourcecode.swift; path = GitModels.swift; sourceTree = "<group>"; };
		E537EAD5F66751FF54201ECE /* L10n.swift */ = {isa = PBXFileReference; lastKnownFileType = sourcecode.swift; path = L10n.swift; sourceTree = "<group>"; };
		E5649B16EE1334024C7235B4 /* RepositoryScannerView.swift */ = {isa = PBXFileReference; lastKnownFileType = sourcecode.swift; path = RepositoryScannerView.swift; sourceTree = "<group>"; };
		E819A181776FE90266ACFF9D /* AppBrandIcon.swift */ = {isa = PBXFileReference; lastKnownFileType = sourcecode.swift; path = AppBrandIcon.swift; sourceTree = "<group>"; };
		ECA2653BCF345EECA3E79074 /* HistoryWorkspaceView.swift */ = {isa = PBXFileReference; lastKnownFileType = sourcecode.swift; path = HistoryWorkspaceView.swift; sourceTree = "<group>"; };
		EE00C157F088AA82ACBAFBBD /* CodexService.swift */ = {isa = PBXFileReference; lastKnownFileType = sourcecode.swift; path = CodexService.swift; sourceTree = "<group>"; };
		F2909330F9596EFAFA02299C /* Components.swift */ = {isa = PBXFileReference; lastKnownFileType = sourcecode.swift; path = Components.swift; sourceTree = "<group>"; };
		F3E822D7BE65EC1F5D091254 /* DESIGN.md */ = {isa = PBXFileReference; lastKnownFileType = net.daringfireball.markdown; path = DESIGN.md; sourceTree = "<group>"; };
		F56654C1C1C14A54E9676F80 /* ReleaseHistoryView.swift */ = {isa = PBXFileReference; lastKnownFileType = sourcecode.swift; path = ReleaseHistoryView.swift; sourceTree = "<group>"; };
		F7B297B0D056D40DF7E14E81 /* AppSettingsView.swift */ = {isa = PBXFileReference; lastKnownFileType = sourcecode.swift; path = AppSettingsView.swift; sourceTree = "<group>"; };
		F94DB731B84690B358BAD95E /* image2-icon-manifest.json */ = {isa = PBXFileReference; lastKnownFileType = text.json; path = "image2-icon-manifest.json"; sourceTree = "<group>"; };
		FA817353E2902590214BA2BE /* UpdateCenterView.swift */ = {isa = PBXFileReference; lastKnownFileType = sourcecode.swift; path = UpdateCenterView.swift; sourceTree = "<group>"; };
		FCE7D36A3B7733EF380FCC79 /* GitHubActionsCenterView.swift */ = {isa = PBXFileReference; lastKnownFileType = sourcecode.swift; path = GitHubActionsCenterView.swift; sourceTree = "<group>"; };
		FFC644270DB6FDDD0911CC02 /* zh-Hans */ = {isa = PBXFileReference; lastKnownFileType = net.daringfireball.markdown; name = "zh-Hans"; path = "zh-Hans.lproj/UserAgreement.md"; sourceTree = "<group>"; };
/* End PBXFileReference section */

/* Begin PBXFrameworksBuildPhase section */
		99B96FDFB44E061B3CA47144 /* Frameworks */ = {
			isa = PBXFrameworksBuildPhase;
			buildActionMask = 2147483647;
			files = (
				3A720DCEF8841F47B9CF8CD7 /* Sparkle in Frameworks */,
			);
			runOnlyForDeploymentPostprocessing = 0;
		};
/* End PBXFrameworksBuildPhase section */

/* Begin PBXGroup section */
		335256875CB78F16F141DCD0 /* ViewModels */ = {
			isa = PBXGroup;
			children = (
				4BA06EC24B8A70B5F1C08BF1 /* WorkspaceViewModel.swift */,
			);
			path = ViewModels;
			sourceTree = "<group>";
		};
		33965845C3443E707ECA6E7A /* docs */ = {
			isa = PBXGroup;
			children = (
				538567C33C795C667D8E0BE2 /* icon-system */,
				D04F151BCBB6DFCE25E4300B /* media */,
				B3DFD0CA9833E8FA906401BA /* ARCHITECTURE.md */,
				1186E7884A32E3992581D0E7 /* DOCUMENTATION.md */,
				C736048806507E0AB3ED39DD /* RELEASING.md */,
			);
			path = docs;
			sourceTree = "<group>";
		};
		466A7A1058A492E82F069EA8 /* Config */ = {
			isa = PBXGroup;
			children = (
				9E73CCAA7261775BE622CBB4 /* GitGatto-Info.plist */,
			);
			path = Config;
			sourceTree = "<group>";
		};
		5340532712BA924DB67CB789 /* Services */ = {
			isa = PBXGroup;
			children = (
				0F60DC160127DD7A372187EB /* AppUpdateManager.swift */,
				806A093B8FDD02458C342508 /* CodexConversationStore.swift */,
				EE00C157F088AA82ACBAFBBD /* CodexService.swift */,
				B9C5BBF7DC3B438A2C76FCB0 /* GitCommandRunner.swift */,
				A8D969554850E6B98F23D098 /* GitEnvironmentDiagnosticService.swift */,
				0DCEEC83A1E92BA254239359 /* GitFileHistoryService.swift */,
				46D7808D76C0C6B19F16E6C1 /* GitHubReadmeTranslationStore.swift */,
				09DFFE66F91DB4047D2D4660 /* GitHubReleaseService.swift */,
				0D19CD54219F3C4974C39220 /* GitHubService.swift */,
				D3FA30446EDDAF380C17C53E /* GitParsers.swift */,
				49B4CA750027B3A466F92659 /* GitRepositoryService.swift */,
				5FCBAE9E0E60F75CA7C2BC65 /* GitWorktreeService.swift */,
				21974E05AB7668106EE25D39 /* RepositoryDiscoveryService.swift */,
			);
			path = Services;
			sourceTree = "<group>";
		};
		538567C33C795C667D8E0BE2 /* icon-system */ = {
			isa = PBXGroup;
			children = (
				A5B44B43FCB61594B0A463FF /* IMAGE2_ASSET_PLAN.md */,
				F94DB731B84690B358BAD95E /* image2-icon-manifest.json */,
			);
			path = "icon-system";
			sourceTree = "<group>";
		};
		89468938EB76D9A0AF6EFAAF /* GitGatto */ = {
			isa = PBXGroup;
			children = (
				AAD544989C45E65682F1D190 /* App */,
				D82E8F2F2536775CEFCB270C /* DesignSystem */,
				C05564E0EE3ECC5F74726CCA /* Models */,
				5340532712BA924DB67CB789 /* Services */,
				A4A306C434A21A6A87BACDE9 /* Support */,
				335256875CB78F16F141DCD0 /* ViewModels */,
				DAA38D3E274161B6D8D7498B /* Views */,
			);
			name = GitGatto;
			path = Sources/GitGatto;
			sourceTree = "<group>";
		};
		8F9D4C7CB19B1FAC7A0AB1F3 /* Assets */ = {
			isa = PBXGroup;
			children = (
				98B9196939EE2DF81061BACA /* GitGatto-AppIcon-Dark.png */,
				C148E4000413C6A68AD61967 /* GitGatto-AppIcon-Dark.svg */,
				5703D7E19D7C43BBA677DD09 /* GitGatto-AppIcon.png */,
				0A13491B912104C788E9B09C /* GitGatto-AppIcon.svg */,
			);
			path = Assets;
			sourceTree = "<group>";
		};
		A4A306C434A21A6A87BACDE9 /* Support */ = {
			isa = PBXGroup;
			children = (
				76C7FFB910C2E89457BC7112 /* AppResourceBundle.swift */,
				4E654EE806AAFA76255C55C9 /* DebugSnapshotCapture.swift */,
				A5A6C84BD2C3977E98FBE4F6 /* GitAgentProfile.swift */,
				327B8AF3AD0437C6BD5932E9 /* GitHubReadmeHTML.swift */,
				129B01B872D19AEF0D215C3E /* GitHubRepositoryLink.swift */,
				8B0FBDC36C31AE29D9395305 /* HTMLTextTranslationPlan.swift */,
				E537EAD5F66751FF54201ECE /* L10n.swift */,
				BB40D5EF971016F605A31059 /* MenuLocalization.swift */,
				5BF7622AD3C355B7CD01FF3E /* StableHash.swift */,
			);
			path = Support;
			sourceTree = "<group>";
		};
		AAD544989C45E65682F1D190 /* App */ = {
			isa = PBXGroup;
			children = (
				4E1943D3404DCC600331A65B /* GitGattoApp.swift */,
			);
			path = App;
			sourceTree = "<group>";
		};
		C05564E0EE3ECC5F74726CCA /* Models */ = {
			isa = PBXGroup;
			children = (
				4C45674EE9A05191B1206BA5 /* AIProviderConfiguration.swift */,
				2C0F348D9E1E7C0DD8B18EEF /* AppErrorReport.swift */,
				A896D4762F2F2D74715E739D /* AppNavigationModel.swift */,
				B4D09C5B8F070A70C1A914BB /* AppPreferences.swift */,
				E224280BBF138C29C3650272 /* GitModels.swift */,
				B7E8127FACB20606495989A0 /* LocalRepositoryCatalog.swift */,
				B03F6C818FEC868DFE082BC7 /* RepositoryInsightModels.swift */,
			);
			path = Models;
			sourceTree = "<group>";
		};
		C6A7599B81E17607E59BF8F8 /* Brand */ = {
			isa = PBXGroup;
			children = (
				C7CFF98927E2FAA7F2EF50A9 /* GitGatto-AppIcon-Dark.png */,
				53FD91FF93BDC65F0C514CDC /* GitGatto-AppIcon-Dark.svg */,
				C4523031C82D405AFF8DEEF3 /* GitGatto-AppIcon.png */,
				2310DC60A3C4C7BD19B252F8 /* GitGatto-AppIcon.svg */,
				A5F7DE1A887B081233ED8187 /* GitGatto-Wordmark-Dark.svg */,
				5B50531F0467ADAC4DDD677B /* GitGatto-Wordmark-Light.svg */,
			);
			path = Brand;
			sourceTree = "<group>";
		};
		C89B9C6DEF06B69BF204E7E9 /* Products */ = {
			isa = PBXGroup;
			children = (
				97B885DB29D67505A9668E65 /* GitGatto.app */,
				64DD4040FDD008DA464CB7B9 /* GitGattoTests.xctest */,
			);
			name = Products;
			sourceTree = "<group>";
		};
		D04F151BCBB6DFCE25E4300B /* media */ = {
			isa = PBXGroup;
			children = (
				DE9E2C7A4342CB8EB928CE8D /* workspace.png */,
			);
			path = media;
			sourceTree = "<group>";
		};
		D066BE8ABDF8847435CE6764 /* Resources */ = {
			isa = PBXGroup;
			children = (
				C6A7599B81E17607E59BF8F8 /* Brand */,
				5753446BC42F5E3673ECDE87 /* Disclaimer.md */,
				09043001C94A967A3F2B05AF /* Localizable.strings */,
				9D9761DE4749E165C5D38FAF /* OpenSourceLicense.md */,
				188AE85095A64B69899D35B9 /* PrivacyPolicy.md */,
				A4D3A0D2E31483150372F869 /* ReleaseNotes.md */,
				19C49EC380E92D01EB0EA0EE /* UserAgreement.md */,
				CD21DE9AA0B8783D5C105D3A /* Assets.xcassets */,
			);
			name = Resources;
			path = Sources/GitGatto/Resources;
			sourceTree = "<group>";
		};
		D49596307C8F3E9A90C431BE /* GitGattoTests */ = {
			isa = PBXGroup;
			children = (
				051E4BD4D843828AC076CE32 /* AppThemeTests.swift */,
				7FC65C9602EDC0C4226C01A4 /* AppUpdateManagerTests.swift */,
				5C6FD6467D3A736D023FEC9F /* BrandAssetTests.swift */,
				CCE53CFB6DEEA99F9DB3F000 /* CodexJSONLParserTests.swift */,
				B8238324627EDCDDC91C40C5 /* GitAgentProfileTests.swift */,
				8E3F3687A03C557918DF5DD5 /* GitEnvironmentDiagnosticServiceTests.swift */,
				3DA956B7150EC0AE8947E96A /* GitFileHistoryServiceTests.swift */,
				1189141191D0F65182423FB2 /* GitHubAPIParserTests.swift */,
				3052E29C8B4766CBBF7578E5 /* GitHubLanguageStyleTests.swift */,
				372E6E5DA981FB5242C60F27 /* GitHubReadmeScrollTests.swift */,
				B6EA29373B2BB404D23EC90F /* GitHubReleaseServiceTests.swift */,
				CA3D850F531F9ED8D3124D4B /* GitParsersTests.swift */,
				98B9BF0AABE19613D6E50F6F /* GitRepositoryServiceTests.swift */,
				90FDA74DA5B092F11772BA42 /* GitWorktreeServiceTests.swift */,
				1D2F0FCECD21005DF1142BD2 /* GlobalErrorHandlerTests.swift */,
				13403BC1D5D87FD16E79D58B /* LegalDocumentTests.swift */,
				A758C7A17912288C6B463DCC /* LocalRepositoryCatalogTests.swift */,
				694F5B1A0AC7685BD11EB10D /* MenuLocalizationTests.swift */,
				82786E615DB7F5C875ABE410 /* PersistenceStoreTests.swift */,
				BCC90B8A203C02679751AFF8 /* RepositoryDiscoveryServiceTests.swift */,
			);
			name = GitGattoTests;
			path = Tests/GitGattoTests;
			sourceTree = "<group>";
		};
		D4FD6917AE2A03D6C4CCE990 /* scripts */ = {
			isa = PBXGroup;
			children = (
				23113D8AEF097B239EB81351 /* create-dmg.sh */,
				3C8F844FE50205FA7FC31C4E /* generate-xcodeproj.sh */,
				2A5DED5E22AAD5F3FFDB440D /* install-generated-icons.py */,
				2804A3EA9F9A5FAAB28536D5 /* inventory-icons.py */,
				7E8C0491156392CA5A63504E /* notarize-macos.sh */,
				4A4EEFDF749A5CF939B74BEC /* package-macos.sh */,
			);
			path = scripts;
			sourceTree = "<group>";
		};
		D82E8F2F2536775CEFCB270C /* DesignSystem */ = {
			isa = PBXGroup;
			children = (
				21BBF602C96A612ED886B2D6 /* AppPalette.swift */,
				F2909330F9596EFAFA02299C /* Components.swift */,
				CC7833C42F4B838B5B8F6A33 /* GitHubLanguageVisual.swift */,
			);
			path = DesignSystem;
			sourceTree = "<group>";
		};
		DAA38D3E274161B6D8D7498B /* Views */ = {
			isa = PBXGroup;
			children = (
				224510A5BE11C3966EBFF49B /* AboutGitGattoView.swift */,
				E819A181776FE90266ACFF9D /* AppBrandIcon.swift */,
				F7B297B0D056D40DF7E14E81 /* AppSettingsView.swift */,
				374F3114C5929DCAEEDAADA1 /* BranchesWorkspaceView.swift */,
				BFA09253A76EC790E8F7642A /* ChangesWorkspaceView.swift */,
				D7E10969710029BAD9CAA9BD /* CodeSurface.swift */,
				38287E6370FD3144329DA3D8 /* CodexWorkspaceView.swift */,
				73553D4584968CDA41575597 /* ConflictResolutionWorkspaceView.swift */,
				C36425B7CE38FE0E469E2CE3 /* DiffInspectorView.swift */,
				C3BA1C085366E6552DF87F38 /* FileTimelineWorkspaceView.swift */,
				FCE7D36A3B7733EF380FCC79 /* GitHubActionsCenterView.swift */,
				B424C5FE176CEC83AFDF747C /* GitHubPullRequestReviewView.swift */,
				78D8B04491F14B9B237B5FBF /* GitHubReadmeView.swift */,
				9182BDEF2994C48C40821377 /* GitHubWorkspaceView.swift */,
				3C712C177F1BCAB280A543C5 /* GlobalErrorSheet.swift */,
				BEF785C10169BD2CBAA7F8B3 /* HelpCenterView.swift */,
				ECA2653BCF345EECA3E79074 /* HistoryWorkspaceView.swift */,
				A4BECAC1068A1853F738BF1C /* InAppBrowserSheet.swift */,
				78FF7BBC34336097B90B4D6B /* LegalDocumentsView.swift */,
				F56654C1C1C14A54E9676F80 /* ReleaseHistoryView.swift */,
				03FAFC785742101330AD241A /* RepositoryDiagnosticsView.swift */,
				E5649B16EE1334024C7235B4 /* RepositoryScannerView.swift */,
				77025BF377170681403BE545 /* RepositorySidebar.swift */,
				C02F87E0B394B3FE2150128D /* StashWorkspaceView.swift */,
				1891D83FE899D5B4A7995A94 /* UpdateActionButton.swift */,
				FA817353E2902590214BA2BE /* UpdateCenterView.swift */,
				D44D53D66773AD0FCE281A6F /* WorkspaceView.swift */,
				BED4F0A8765FED352B3FD598 /* WorktreeWorkspaceView.swift */,
			);
			path = Views;
			sourceTree = "<group>";
		};
		EC5B366B937E2D0F19D29789 = {
			isa = PBXGroup;
			children = (
				8F9D4C7CB19B1FAC7A0AB1F3 /* Assets */,
				466A7A1058A492E82F069EA8 /* Config */,
				33965845C3443E707ECA6E7A /* docs */,
				89468938EB76D9A0AF6EFAAF /* GitGatto */,
				D49596307C8F3E9A90C431BE /* GitGattoTests */,
				D066BE8ABDF8847435CE6764 /* Resources */,
				D4FD6917AE2A03D6C4CCE990 /* scripts */,
				344D729132EA14431F866199 /* CHANGELOG.md */,
				972C7A61A04B1FBF6A1CCC98 /* CONTRIBUTING.md */,
				F3E822D7BE65EC1F5D091254 /* DESIGN.md */,
				A1A0FAEE07A4937435C3F059 /* LICENSE */,
				D94383123073E3883BD1A222 /* Package.resolved */,
				5800802C9088BAFD6D5B5E3F /* Package.swift */,
				BD2E18C0F04B6FA49AA05A54 /* PRODUCT.md */,
				5DE1FDDBDA8C40E3B92E81DF /* README.md */,
				C7631443A6D6230798A83B33 /* SECURITY.md */,
				5BDF892609BDD43B53D5F31B /* THIRD_PARTY_NOTICES.md */,
				C89B9C6DEF06B69BF204E7E9 /* Products */,
			);
			sourceTree = "<group>";
		};
/* End PBXGroup section */

/* Begin PBXNativeTarget section */
		626635E2C9EE974F3C4444D3 /* GitGatto */ = {
			isa = PBXNativeTarget;
			buildConfigurationList = 08E9F95403E6DEB12D9B6E8A /* Build configuration list for PBXNativeTarget "GitGatto" */;
			buildPhases = (
				C3F8F2FB6DD3CD0061FD63CD /* Sources */,
				0CFB34C3168F0FB875D2ADF5 /* Resources */,
				99B96FDFB44E061B3CA47144 /* Frameworks */,
			);
			buildRules = (
			);
			dependencies = (
			);
			name = GitGatto;
			packageProductDependencies = (
				5F14A74B7A1D4DA5E1F834FC /* Sparkle */,
			);
			productName = GitGatto;
			productReference = 97B885DB29D67505A9668E65 /* GitGatto.app */;
			productType = "com.apple.product-type.application";
		};
		88E903A9887AA7CA74008A39 /* GitGattoTests */ = {
			isa = PBXNativeTarget;
			buildConfigurationList = 4439346C15EB4743F532BE5C /* Build configuration list for PBXNativeTarget "GitGattoTests" */;
			buildPhases = (
				6DE43D1FF4FE63E62C40BA83 /* Sources */,
			);
			buildRules = (
			);
			dependencies = (
				AC06140A66D98686B3A09BAC /* PBXTargetDependency */,
			);
			name = GitGattoTests;
			packageProductDependencies = (
			);
			productName = GitGattoTests;
			productReference = 64DD4040FDD008DA464CB7B9 /* GitGattoTests.xctest */;
			productType = "com.apple.product-type.bundle.unit-test";
		};
/* End PBXNativeTarget section */

/* Begin PBXProject section */
		0E8985AC56BA7B845BECA7BC /* Project object */ = {
			isa = PBXProject;
			attributes = {
				BuildIndependentTargetsInParallel = YES;
				LastUpgradeCheck = 2600;
				TargetAttributes = {
				};
			};
			buildConfigurationList = 4555C4AE9C08EAAA92059DDA /* Build configuration list for PBXProject "GitGatto" */;
			developmentRegion = en;
			hasScannedForEncodings = 0;
			knownRegions = (
				Base,
				en,
				"zh-Hans",
			);
			mainGroup = EC5B366B937E2D0F19D29789;
			minimizedProjectReferenceProxies = 1;
			packageReferences = (
				2521C1B01295D40DD1FC8C52 /* XCRemoteSwiftPackageReference "Sparkle" */,
			);
			preferredProjectObjectVersion = 77;
			productRefGroup = C89B9C6DEF06B69BF204E7E9 /* Products */;
			projectDirPath = "";
			projectRoot = "";
			targets = (
				626635E2C9EE974F3C4444D3 /* GitGatto */,
				88E903A9887AA7CA74008A39 /* GitGattoTests */,
			);
		};
/* End PBXProject section */

/* Begin PBXResourcesBuildPhase section */
		0CFB34C3168F0FB875D2ADF5 /* Resources */ = {
			isa = PBXResourcesBuildPhase;
			buildActionMask = 2147483647;
			files = (
				E4F37B96C690C4F0C68C541F /* Assets.xcassets in Resources */,
				BC19FA3E274AF955CBBFA732 /* Disclaimer.md in Resources */,
				C18733E3ADE1D500C7548DF7 /* GitGatto-AppIcon-Dark.png in Resources */,
				2802742CE660CF0CA4A33CCC /* GitGatto-AppIcon-Dark.svg in Resources */,
				D65EDB1D24FB4904EA0698B7 /* GitGatto-AppIcon.png in Resources */,
				A0BAB79ED38EEA484E97F088 /* GitGatto-AppIcon.svg in Resources */,
				97F2E7C700B09CCE32C05A14 /* GitGatto-Wordmark-Dark.svg in Resources */,
				482B01FF7D4E9BCE3E2EF0D1 /* GitGatto-Wordmark-Light.svg in Resources */,
				94C701D2161E1203EB3D1820 /* Localizable.strings in Resources */,
				2B9BFE3CA81B2F8B52A32B78 /* OpenSourceLicense.md in Resources */,
				9F6D2F0AC9B4C3DC964D1ABE /* PrivacyPolicy.md in Resources */,
				EC667F4120D4F1231DA39614 /* ReleaseNotes.md in Resources */,
				E225DF738059191409C04042 /* UserAgreement.md in Resources */,
			);
			runOnlyForDeploymentPostprocessing = 0;
		};
/* End PBXResourcesBuildPhase section */

/* Begin PBXSourcesBuildPhase section */
		6DE43D1FF4FE63E62C40BA83 /* Sources */ = {
			isa = PBXSourcesBuildPhase;
			buildActionMask = 2147483647;
			files = (
				79CBBBE66CECE5A27AF9B631 /* AppThemeTests.swift in Sources */,
				389A82A6CD3CF438EA301EE8 /* AppUpdateManagerTests.swift in Sources */,
				78F4A7FE9653D4AC3ED19E56 /* BrandAssetTests.swift in Sources */,
				2EC06570AB04F70FDFDC4311 /* CodexJSONLParserTests.swift in Sources */,
				950458D03BC3D43C4E34A679 /* GitAgentProfileTests.swift in Sources */,
				8784F27A204C4534B5E3918D /* GitEnvironmentDiagnosticServiceTests.swift in Sources */,
				E50C5F6ED3AEF91EB0FC87A3 /* GitFileHistoryServiceTests.swift in Sources */,
				7175069C20CC2059D1C4303D /* GitHubAPIParserTests.swift in Sources */,
				1842D89E955A82F97DB045F4 /* GitHubLanguageStyleTests.swift in Sources */,
				4A2C1B75C10F0DB6203EE2CE /* GitHubReadmeScrollTests.swift in Sources */,
				2C9697A7813DDA25E3590F26 /* GitHubReleaseServiceTests.swift in Sources */,
				5839893346E13680EC8D4DEB /* GitParsersTests.swift in Sources */,
				ACA948DB407093BBDF7AE2BB /* GitRepositoryServiceTests.swift in Sources */,
				AE392F605A90D1C31A756363 /* GitWorktreeServiceTests.swift in Sources */,
				87EA0F7CB8D1B5282AA5BE3F /* GlobalErrorHandlerTests.swift in Sources */,
				9FC788B6CDC4B351FF2665D2 /* LegalDocumentTests.swift in Sources */,
				EECD8C4081C2B7F0EDB61C32 /* LocalRepositoryCatalogTests.swift in Sources */,
				0928DFE721CCBA6142A51383 /* MenuLocalizationTests.swift in Sources */,
				CC672794EAB69986A71BF998 /* PersistenceStoreTests.swift in Sources */,
				C53394B112AF3961A135DBCF /* RepositoryDiscoveryServiceTests.swift in Sources */,
			);
			runOnlyForDeploymentPostprocessing = 0;
		};
		C3F8F2FB6DD3CD0061FD63CD /* Sources */ = {
			isa = PBXSourcesBuildPhase;
			buildActionMask = 2147483647;
			files = (
				30413715B85B36FF206C2B34 /* AIProviderConfiguration.swift in Sources */,
				93191AF460F52BFF06A3BC90 /* AboutGitGattoView.swift in Sources */,
				0717F79ECBAFA9AD4F898BC4 /* AppBrandIcon.swift in Sources */,
				B20BA27FA308CF0C968A6153 /* AppErrorReport.swift in Sources */,
				4F1B5B9572E4C6480FACF801 /* AppNavigationModel.swift in Sources */,
				AEC2EEBC7BFD4C28216BE994 /* AppPalette.swift in Sources */,
				414C1964DEDFF2E67A22A5AA /* AppPreferences.swift in Sources */,
				F3A56D17CCA26AB5ECC9A40D /* AppResourceBundle.swift in Sources */,
				C5BDB87E3C4B2D5DDBBCDABE /* AppSettingsView.swift in Sources */,
				94A2418EE5504BAA35BF7917 /* AppUpdateManager.swift in Sources */,
				B3815369F1ABDE1DC8221A04 /* BranchesWorkspaceView.swift in Sources */,
				616BABF979F1CAB5670A6743 /* ChangesWorkspaceView.swift in Sources */,
				67D990CB13335B7E2A96A0B9 /* CodeSurface.swift in Sources */,
				9F6A5F862E6A7CB004A41260 /* CodexConversationStore.swift in Sources */,
				4250ED87A2B1C33FBDB7EB04 /* CodexService.swift in Sources */,
				22D9ECC04B8483B27C93409A /* CodexWorkspaceView.swift in Sources */,
				06EFE17E8D3CF9791889183D /* Components.swift in Sources */,
				BB28F450EFC9C5C60EB40392 /* ConflictResolutionWorkspaceView.swift in Sources */,
				8839F32CB82B1236D56F2F1C /* DebugSnapshotCapture.swift in Sources */,
				6AD522664574BD8B72251E2C /* DiffInspectorView.swift in Sources */,
				022AB0E1B8111A5846B70CE6 /* FileTimelineWorkspaceView.swift in Sources */,
				36FAD3BFC41F69B58CE92BDB /* GitAgentProfile.swift in Sources */,
				362132F62947134DBAFF5C96 /* GitCommandRunner.swift in Sources */,
				CE53EA160420F67DE4258FB7 /* GitEnvironmentDiagnosticService.swift in Sources */,
				CEA8A4047B03109177E28ABF /* GitFileHistoryService.swift in Sources */,
				663EFCC9C1CFD4155731BA20 /* GitGattoApp.swift in Sources */,
				375F0251A167BCF1963C7C14 /* GitHubActionsCenterView.swift in Sources */,
				30F75F295BA2311FDF33BAF3 /* GitHubLanguageVisual.swift in Sources */,
				D2627DD1AF85E9A1768D3278 /* GitHubPullRequestReviewView.swift in Sources */,
				DE566F91185F80EB2C73CAEF /* GitHubReadmeHTML.swift in Sources */,
				7D811DB4E11EB80D1E48ECCE /* GitHubReadmeTranslationStore.swift in Sources */,
				6BFA5B0FFA01F2C0C4D5128D /* GitHubReadmeView.swift in Sources */,
				E9153E0D4E4C95403B442C64 /* GitHubReleaseService.swift in Sources */,
				66E17B146499DD19480AFC26 /* GitHubRepositoryLink.swift in Sources */,
				9D23EBCA039D00FBA8405F8C /* GitHubService.swift in Sources */,
				C7C3EA9AB358CEC6F8F7AC64 /* GitHubWorkspaceView.swift in Sources */,
				57134C4FB37171ABC4CCA1DA /* GitModels.swift in Sources */,
				D8C1AD12912B854B89702755 /* GitParsers.swift in Sources */,
				DFED9D1B471CF8F8552C75DA /* GitRepositoryService.swift in Sources */,
				9E4D697ABA1EAB7A935AE53B /* GitWorktreeService.swift in Sources */,
				E7032BC88B917F42BE45953A /* GlobalErrorSheet.swift in Sources */,
				3D3ADD282E4499E1F75079A6 /* HTMLTextTranslationPlan.swift in Sources */,
				4F702C7330106E845C6D4AC7 /* HelpCenterView.swift in Sources */,
				E22F223136A7F5A16AC9A40C /* HistoryWorkspaceView.swift in Sources */,
				760EA642D96E41471FD29AA7 /* InAppBrowserSheet.swift in Sources */,
				2B7BC5F3C411EB759E151005 /* L10n.swift in Sources */,
				56B38947919E209B444A31D2 /* LegalDocumentsView.swift in Sources */,
				0AAD535AD7972C5CB0FCC1FF /* LocalRepositoryCatalog.swift in Sources */,
				26DEAB77B137F29C73B62C8A /* MenuLocalization.swift in Sources */,
				F1B61D4D958AB6A9AC606CA1 /* ReleaseHistoryView.swift in Sources */,
				E27F3E4B2FE216C6D2A9F258 /* RepositoryDiagnosticsView.swift in Sources */,
				62434AA78BDF531AA1CB3DCF /* RepositoryDiscoveryService.swift in Sources */,
				0624AAF1714152672C7C0AFC /* RepositoryInsightModels.swift in Sources */,
				7DCF09D0CA6FADBA133F3831 /* RepositoryScannerView.swift in Sources */,
				064DEE4B3C70FB3818B32E66 /* RepositorySidebar.swift in Sources */,
				8EA71A5BC73551C3984F776C /* StableHash.swift in Sources */,
				5FF280EB62E8240C979A63D9 /* StashWorkspaceView.swift in Sources */,
				EDB491BE9563D2284039ACFB /* UpdateActionButton.swift in Sources */,
				8BC16BAF6E9F68E9419D8E07 /* UpdateCenterView.swift in Sources */,
				93AFFA952EF16117AADE8106 /* WorkspaceView.swift in Sources */,
				8851C2D60DA868710C1AB5AA /* WorkspaceViewModel.swift in Sources */,
				CAFE05587DEE7BB2720568A5 /* WorktreeWorkspaceView.swift in Sources */,
			);
			runOnlyForDeploymentPostprocessing = 0;
		};
/* End PBXSourcesBuildPhase section */

/* Begin PBXTargetDependency section */
		AC06140A66D98686B3A09BAC /* PBXTargetDependency */ = {
			isa = PBXTargetDependency;
			target = 626635E2C9EE974F3C4444D3 /* GitGatto */;
			targetProxy = 65E4C889A9F9C53D6DD4FA64 /* PBXContainerItemProxy */;
		};
/* End PBXTargetDependency section */

/* Begin PBXVariantGroup section */
		09043001C94A967A3F2B05AF /* Localizable.strings */ = {
			isa = PBXVariantGroup;
			children = (
				02720750D2A66508BAB13FA7 /* en */,
				0AB32E37F4984DE202FB439C /* zh-Hans */,
			);
			name = Localizable.strings;
			sourceTree = "<group>";
		};
		188AE85095A64B69899D35B9 /* PrivacyPolicy.md */ = {
			isa = PBXVariantGroup;
			children = (
				22094C898C16BE6908B72B29 /* en */,
				858B8C95B56ADEB774425082 /* zh-Hans */,
			);
			name = PrivacyPolicy.md;
			sourceTree = "<group>";
		};
		19C49EC380E92D01EB0EA0EE /* UserAgreement.md */ = {
			isa = PBXVariantGroup;
			children = (
				6DB5B7BAD151E87F8F360DAF /* en */,
				FFC644270DB6FDDD0911CC02 /* zh-Hans */,
			);
			name = UserAgreement.md;
			sourceTree = "<group>";
		};
		5753446BC42F5E3673ECDE87 /* Disclaimer.md */ = {
			isa = PBXVariantGroup;
			children = (
				8BBEA4607ECBE3DB6817FB48 /* en */,
				8CCF4F4D334F486BCD7BD47A /* zh-Hans */,
			);
			name = Disclaimer.md;
			sourceTree = "<group>";
		};
		9D9761DE4749E165C5D38FAF /* OpenSourceLicense.md */ = {
			isa = PBXVariantGroup;
			children = (
				88DF607A7183569EEFE1D259 /* en */,
				CA4B9E181482669D9653F0DD /* zh-Hans */,
			);
			name = OpenSourceLicense.md;
			sourceTree = "<group>";
		};
		A4D3A0D2E31483150372F869 /* ReleaseNotes.md */ = {
			isa = PBXVariantGroup;
			children = (
				72AAC9D0E760BC7CD33015F5 /* en */,
				CBBD61ED5EC15E1B09CC2938 /* zh-Hans */,
			);
			name = ReleaseNotes.md;
			sourceTree = "<group>";
		};
/* End PBXVariantGroup section */

/* Begin XCBuildConfiguration section */
		1AAF53BB00F4969411D7873B /* Debug */ = {
			isa = XCBuildConfiguration;
			buildSettings = {
				BUNDLE_LOADER = "$(TEST_HOST)";
				COMBINE_HIDPI_IMAGES = YES;
				GENERATE_INFOPLIST_FILE = YES;
				LD_RUNPATH_SEARCH_PATHS = (
					"$(inherited)",
					"@executable_path/../Frameworks",
					"@loader_path/../Frameworks",
				);
				PRODUCT_BUNDLE_IDENTIFIER = dev.gitgatto.client.tests;
				SDKROOT = macosx;
				TEST_HOST = "$(BUILT_PRODUCTS_DIR)/GitGatto.app/Contents/MacOS/GitGatto";
			};
			name = Debug;
		};
		228C37696687CE0E5BC9A89F /* Debug */ = {
			isa = XCBuildConfiguration;
			buildSettings = {
				ASSETCATALOG_COMPILER_APPICON_NAME = AppIcon;
				COMBINE_HIDPI_IMAGES = YES;
				ENABLE_HARDENED_RUNTIME = YES;
				GENERATE_INFOPLIST_FILE = NO;
				INFOPLIST_FILE = "Config/GitGatto-Info.plist";
				LD_RUNPATH_SEARCH_PATHS = (
					"$(inherited)",
					"@executable_path/../Frameworks",
				);
				ONLY_ACTIVE_ARCH = YES;
				PRODUCT_BUNDLE_IDENTIFIER = dev.gitgatto.client;
				PRODUCT_MODULE_NAME = GitGatto;
				PRODUCT_NAME = GitGatto;
				SDKROOT = macosx;
			};
			name = Debug;
		};
		7CF2EBB1C3D7F7F73CC68C60 /* Release */ = {
			isa = XCBuildConfiguration;
			buildSettings = {
				BUNDLE_LOADER = "$(TEST_HOST)";
				COMBINE_HIDPI_IMAGES = YES;
				GENERATE_INFOPLIST_FILE = YES;
				LD_RUNPATH_SEARCH_PATHS = (
					"$(inherited)",
					"@executable_path/../Frameworks",
					"@loader_path/../Frameworks",
				);
				PRODUCT_BUNDLE_IDENTIFIER = dev.gitgatto.client.tests;
				SDKROOT = macosx;
				TEST_HOST = "$(BUILT_PRODUCTS_DIR)/GitGatto.app/Contents/MacOS/GitGatto";
			};
			name = Release;
		};
		B2F389D93A2C885AACD62307 /* Debug */ = {
			isa = XCBuildConfiguration;
			buildSettings = {
				ALWAYS_SEARCH_USER_PATHS = NO;
				CLANG_ANALYZER_NONNULL = YES;
				CLANG_ANALYZER_NUMBER_OBJECT_CONVERSION = YES_AGGRESSIVE;
				CLANG_CXX_LANGUAGE_STANDARD = "gnu++14";
				CLANG_CXX_LIBRARY = "libc++";
				CLANG_ENABLE_MODULES = YES;
				CLANG_ENABLE_OBJC_ARC = YES;
				CLANG_ENABLE_OBJC_WEAK = YES;
				CLANG_WARN_BLOCK_CAPTURE_AUTORELEASING = YES;
				CLANG_WARN_BOOL_CONVERSION = YES;
				CLANG_WARN_COMMA = YES;
				CLANG_WARN_CONSTANT_CONVERSION = YES;
				CLANG_WARN_DEPRECATED_OBJC_IMPLEMENTATIONS = YES;
				CLANG_WARN_DIRECT_OBJC_ISA_USAGE = YES_ERROR;
				CLANG_WARN_DOCUMENTATION_COMMENTS = YES;
				CLANG_WARN_EMPTY_BODY = YES;
				CLANG_WARN_ENUM_CONVERSION = YES;
				CLANG_WARN_INFINITE_RECURSION = YES;
				CLANG_WARN_INT_CONVERSION = YES;
				CLANG_WARN_NON_LITERAL_NULL_CONVERSION = YES;
				CLANG_WARN_OBJC_IMPLICIT_RETAIN_SELF = YES;
				CLANG_WARN_OBJC_LITERAL_CONVERSION = YES;
				CLANG_WARN_OBJC_ROOT_CLASS = YES_ERROR;
				CLANG_WARN_QUOTED_INCLUDE_IN_FRAMEWORK_HEADER = YES;
				CLANG_WARN_RANGE_LOOP_ANALYSIS = YES;
				CLANG_WARN_STRICT_PROTOTYPES = YES;
				CLANG_WARN_SUSPICIOUS_MOVE = YES;
				CLANG_WARN_UNGUARDED_AVAILABILITY = YES_AGGRESSIVE;
				CLANG_WARN_UNREACHABLE_CODE = YES;
				CLANG_WARN__DUPLICATE_METHOD_MATCH = YES;
				COPY_PHASE_STRIP = NO;
				CURRENT_PROJECT_VERSION = 16002;
				DEBUG_INFORMATION_FORMAT = dwarf;
				DEVELOPMENT_LANGUAGE = en;
				ENABLE_STRICT_OBJC_MSGSEND = YES;
				ENABLE_TESTABILITY = YES;
				GCC_C_LANGUAGE_STANDARD = gnu11;
				GCC_DYNAMIC_NO_PIC = NO;
				GCC_NO_COMMON_BLOCKS = YES;
				GCC_OPTIMIZATION_LEVEL = 0;
				GCC_PREPROCESSOR_DEFINITIONS = (
					"$(inherited)",
					"DEBUG=1",
				);
				GCC_WARN_64_TO_32_BIT_CONVERSION = YES;
				GCC_WARN_ABOUT_RETURN_TYPE = YES_ERROR;
				GCC_WARN_UNDECLARED_SELECTOR = YES;
				GCC_WARN_UNINITIALIZED_AUTOS = YES_AGGRESSIVE;
				GCC_WARN_UNUSED_FUNCTION = YES;
				GCC_WARN_UNUSED_VARIABLE = YES;
				LOCALIZATION_PREFERS_STRING_CATALOGS = NO;
				MACOSX_DEPLOYMENT_TARGET = 14.0;
				MARKETING_VERSION = 0.16.2;
				MTL_ENABLE_DEBUG_INFO = INCLUDE_SOURCE;
				MTL_FAST_MATH = YES;
				ONLY_ACTIVE_ARCH = YES;
				PRODUCT_NAME = "$(TARGET_NAME)";
				SDKROOT = macosx;
				SWIFT_ACTIVE_COMPILATION_CONDITIONS = DEBUG;
				SWIFT_OPTIMIZATION_LEVEL = "-Onone";
				SWIFT_VERSION = 6.0;
			};
			name = Debug;
		};
		B2F708CA84979C0D53ECB117 /* Release */ = {
			isa = XCBuildConfiguration;
			buildSettings = {
				ALWAYS_SEARCH_USER_PATHS = NO;
				CLANG_ANALYZER_NONNULL = YES;
				CLANG_ANALYZER_NUMBER_OBJECT_CONVERSION = YES_AGGRESSIVE;
				CLANG_CXX_LANGUAGE_STANDARD = "gnu++14";
				CLANG_CXX_LIBRARY = "libc++";
				CLANG_ENABLE_MODULES = YES;
				CLANG_ENABLE_OBJC_ARC = YES;
				CLANG_ENABLE_OBJC_WEAK = YES;
				CLANG_WARN_BLOCK_CAPTURE_AUTORELEASING = YES;
				CLANG_WARN_BOOL_CONVERSION = YES;
				CLANG_WARN_COMMA = YES;
				CLANG_WARN_CONSTANT_CONVERSION = YES;
				CLANG_WARN_DEPRECATED_OBJC_IMPLEMENTATIONS = YES;
				CLANG_WARN_DIRECT_OBJC_ISA_USAGE = YES_ERROR;
				CLANG_WARN_DOCUMENTATION_COMMENTS = YES;
				CLANG_WARN_EMPTY_BODY = YES;
				CLANG_WARN_ENUM_CONVERSION = YES;
				CLANG_WARN_INFINITE_RECURSION = YES;
				CLANG_WARN_INT_CONVERSION = YES;
				CLANG_WARN_NON_LITERAL_NULL_CONVERSION = YES;
				CLANG_WARN_OBJC_IMPLICIT_RETAIN_SELF = YES;
				CLANG_WARN_OBJC_LITERAL_CONVERSION = YES;
				CLANG_WARN_OBJC_ROOT_CLASS = YES_ERROR;
				CLANG_WARN_QUOTED_INCLUDE_IN_FRAMEWORK_HEADER = YES;
				CLANG_WARN_RANGE_LOOP_ANALYSIS = YES;
				CLANG_WARN_STRICT_PROTOTYPES = YES;
				CLANG_WARN_SUSPICIOUS_MOVE = YES;
				CLANG_WARN_UNGUARDED_AVAILABILITY = YES_AGGRESSIVE;
				CLANG_WARN_UNREACHABLE_CODE = YES;
				CLANG_WARN__DUPLICATE_METHOD_MATCH = YES;
				COPY_PHASE_STRIP = NO;
				CURRENT_PROJECT_VERSION = 16002;
				DEBUG_INFORMATION_FORMAT = "dwarf-with-dsym";
				DEVELOPMENT_LANGUAGE = en;
				ENABLE_NS_ASSERTIONS = NO;
				ENABLE_STRICT_OBJC_MSGSEND = YES;
				GCC_C_LANGUAGE_STANDARD = gnu11;
				GCC_NO_COMMON_BLOCKS = YES;
				GCC_WARN_64_TO_32_BIT_CONVERSION = YES;
				GCC_WARN_ABOUT_RETURN_TYPE = YES_ERROR;
				GCC_WARN_UNDECLARED_SELECTOR = YES;
				GCC_WARN_UNINITIALIZED_AUTOS = YES_AGGRESSIVE;
				GCC_WARN_UNUSED_FUNCTION = YES;
				GCC_WARN_UNUSED_VARIABLE = YES;
				LOCALIZATION_PREFERS_STRING_CATALOGS = NO;
				MACOSX_DEPLOYMENT_TARGET = 14.0;
				MARKETING_VERSION = 0.16.2;
				MTL_ENABLE_DEBUG_INFO = NO;
				MTL_FAST_MATH = YES;
				PRODUCT_NAME = "$(TARGET_NAME)";
				SDKROOT = macosx;
				SWIFT_COMPILATION_MODE = wholemodule;
				SWIFT_OPTIMIZATION_LEVEL = "-O";
				SWIFT_VERSION = 6.0;
			};
			name = Release;
		};
		B4E37ECE2E89AD212C5DF779 /* Release */ = {
			isa = XCBuildConfiguration;
			buildSettings = {
				ASSETCATALOG_COMPILER_APPICON_NAME = AppIcon;
				COMBINE_HIDPI_IMAGES = YES;
				ENABLE_HARDENED_RUNTIME = YES;
				GENERATE_INFOPLIST_FILE = NO;
				INFOPLIST_FILE = "Config/GitGatto-Info.plist";
				LD_RUNPATH_SEARCH_PATHS = (
					"$(inherited)",
					"@executable_path/../Frameworks",
				);
				ONLY_ACTIVE_ARCH = NO;
				PRODUCT_BUNDLE_IDENTIFIER = dev.gitgatto.client;
				PRODUCT_MODULE_NAME = GitGatto;
				PRODUCT_NAME = GitGatto;
				SDKROOT = macosx;
			};
			name = Release;
		};
/* End XCBuildConfiguration section */

/* Begin XCConfigurationList section */
		08E9F95403E6DEB12D9B6E8A /* Build configuration list for PBXNativeTarget "GitGatto" */ = {
			isa = XCConfigurationList;
			buildConfigurations = (
				228C37696687CE0E5BC9A89F /* Debug */,
				B4E37ECE2E89AD212C5DF779 /* Release */,
			);
			defaultConfigurationIsVisible = 0;
			defaultConfigurationName = Debug;
		};
		4439346C15EB4743F532BE5C /* Build configuration list for PBXNativeTarget "GitGattoTests" */ = {
			isa = XCConfigurationList;
			buildConfigurations = (
				1AAF53BB00F4969411D7873B /* Debug */,
				7CF2EBB1C3D7F7F73CC68C60 /* Release */,
			);
			defaultConfigurationIsVisible = 0;
			defaultConfigurationName = Debug;
		};
		4555C4AE9C08EAAA92059DDA /* Build configuration list for PBXProject "GitGatto" */ = {
			isa = XCConfigurationList;
			buildConfigurations = (
				B2F389D93A2C885AACD62307 /* Debug */,
				B2F708CA84979C0D53ECB117 /* Release */,
			);
			defaultConfigurationIsVisible = 0;
			defaultConfigurationName = Debug;
		};
/* End XCConfigurationList section */

/* Begin XCRemoteSwiftPackageReference section */
		2521C1B01295D40DD1FC8C52 /* XCRemoteSwiftPackageReference "Sparkle" */ = {
			isa = XCRemoteSwiftPackageReference;
			repositoryURL = "https://github.com/sparkle-project/Sparkle";
			requirement = {
				kind = exactVersion;
				version = 2.9.4;
			};
		};
/* End XCRemoteSwiftPackageReference section */

/* Begin XCSwiftPackageProductDependency section */
		5F14A74B7A1D4DA5E1F834FC /* Sparkle */ = {
			isa = XCSwiftPackageProductDependency;
			package = 2521C1B01295D40DD1FC8C52 /* XCRemoteSwiftPackageReference "Sparkle" */;
			productName = Sparkle;
		};
/* End XCSwiftPackageProductDependency section */
	};
	rootObject = 0E8985AC56BA7B845BECA7BC /* Project object */;
}
